<?xml version="1.0" encoding="utf-8"?>
<Project ToolsVersion="4.0" xmlns="http://schemas.microsoft.com/developer/msbuild/2003">
  <ItemGroup>
    <Filter Include="libavcodec">
      <UniqueIdentifier>{a2c6ee3b-90a5-4344-acfb-0a280eeac8b7}</UniqueIdentifier>
    </Filter>
    <Filter Include="libavdevice">
      <UniqueIdentifier>{fca426a0-1ab5-4c81-ad6d-c415d2044d87}</UniqueIdentifier>
    </Filter>
    <Filter Include="libavfilter">
      <UniqueIdentifier>{e2f400ee-acb5-48e6-8aeb-35643c35f798}</UniqueIdentifier>
    </Filter>
    <Filter Include="libavformat">
      <UniqueIdentifier>{6ffe041e-59bb-4952-9ef5-838b8af17335}</UniqueIdentifier>
    </Filter>
    <Filter Include="libavutil">
      <UniqueIdentifier>{5b1256b5-32de-4ef6-8674-31db66e6c21c}</UniqueIdentifier>
    </Filter>
    <Filter Include="libswresample">
      <UniqueIdentifier>{50e74af1-8f6c-47dd-b89c-a31efb53b468}</UniqueIdentifier>
    </Filter>
    <Filter Include="libswscale">
      <UniqueIdentifier>{e330fed9-7e12-4021-9e0f-d1a434c4652c}</UniqueIdentifier>
    </Filter>
  </ItemGroup>
  <ItemGroup>
    <ClInclude Include="$(MSBuildThisFileDirectory)libavcodec\avcodec.h">
      <Filter>libavcodec</Filter>
    </ClInclude>
    <ClInclude Include="$(MSBuildThisFileDirectory)libavcodec\avdct.h">
      <Filter>libavcodec</Filter>
    </ClInclude>
    <ClInclude Include="$(MSBuildThisFileDirectory)libavcodec\avfft.h">
      <Filter>libavcodec</Filter>
    </ClInclude>
    <ClInclude Include="$(MSBuildThisFileDirectory)libavcodec\d3d11va.h">
      <Filter>libavcodec</Filter>
    </ClInclude>
    <ClInclude Include="$(MSBuildThisFileDirectory)libavcodec\dirac.h">
      <Filter>libavcodec</Filter>
    </ClInclude>
    <ClInclude Include="$(MSBuildThisFileDirectory)libavcodec\dv_profile.h">
      <Filter>libavcodec</Filter>
    </ClInclude>
    <ClInclude Include="$(MSBuildThisFileDirectory)libavcodec\dxva2.h">
      <Filter>libavcodec</Filter>
    </ClInclude>
    <ClInclude Include="$(MSBuildThisFileDirectory)libavcodec\jni.h">
      <Filter>libavcodec</Filter>
    </ClInclude>
    <ClInclude Include="$(MSBuildThisFileDirectory)libavcodec\mediacodec.h">
      <Filter>libavcodec</Filter>
    </ClInclude>
    <ClInclude Include="$(MSBuildThisFileDirectory)libavcodec\qsv.h">
      <Filter>libavcodec</Filter>
    </ClInclude>
    <ClInclude Include="$(MSBuildThisFileDirectory)libavcodec\vaapi.h">
      <Filter>libavcodec</Filter>
    </ClInclude>
    <ClInclude Include="$(MSBuildThisFileDirectory)libavcodec\vda.h">
      <Filter>libavcodec</Filter>
    </ClInclude>
    <ClInclude Include="$(MSBuildThisFileDirectory)libavcodec\vdpau.h">
      <Filter>libavcodec</Filter>
    </ClInclude>
    <ClInclude Include="$(MSBuildThisFileDirectory)libavcodec\version.h">
      <Filter>libavcodec</Filter>
    </ClInclude>
    <ClInclude Include="$(MSBuildThisFileDirectory)libavcodec\videotoolbox.h">
      <Filter>libavcodec</Filter>
    </ClInclude>
    <ClInclude Include="$(MSBuildThisFileDirectory)libavcodec\vorbis_parser.h">
      <Filter>libavcodec</Filter>
    </ClInclude>
    <ClInclude Include="$(MSBuildThisFileDirectory)libavcodec\xvmc.h">
      <Filter>libavcodec</Filter>
    </ClInclude>
    <ClInclude Include="$(MSBuildThisFileDirectory)libavdevice\avdevice.h">
      <Filter>libavdevice</Filter>
    </ClInclude>
    <ClInclude Include="$(MSBuildThisFileDirectory)libavdevice\version.h">
      <Filter>libavdevice</Filter>
    </ClInclude>
    <ClInclude Include="$(MSBuildThisFileDirectory)libavfilter\avfilter.h">
      <Filter>libavfilter</Filter>
    </ClInclude>
    <ClInclude Include="$(MSBuildThisFileDirectory)libavfilter\avfiltergraph.h">
      <Filter>libavfilter</Filter>
    </ClInclude>
    <ClInclude Include="$(MSBuildThisFileDirectory)libavfilter\buffersink.h">
      <Filter>libavfilter</Filter>
    </ClInclude>
    <ClInclude Include="$(MSBuildThisFileDirectory)libavfilter\buffersrc.h">
      <Filter>libavfilter</Filter>
    </ClInclude>
    <ClInclude Include="$(MSBuildThisFileDirectory)libavfilter\version.h">
      <Filter>libavfilter</Filter>
    </ClInclude>
    <ClInclude Include="$(MSBuildThisFileDirectory)libavformat\avformat.h">
      <Filter>libavformat</Filter>
    </ClInclude>
    <ClInclude Include="$(MSBuildThisFileDirectory)libavformat\avio.h">
      <Filter>libavformat</Filter>
    </ClInclude>
    <ClInclude Include="$(MSBuildThisFileDirectory)libavformat\version.h">
      <Filter>libavformat</Filter>
    </ClInclude>
    <ClInclude Include="$(MSBuildThisFileDirectory)libavutil\adler32.h">
      <Filter>libavutil</Filter>
    </ClInclude>
    <ClInclude Include="$(MSBuildThisFileDirectory)libavutil\aes.h">
      <Filter>libavutil</Filter>
    </ClInclude>
    <ClInclude Include="$(MSBuildThisFileDirectory)libavutil\aes_ctr.h">
      <Filter>libavutil</Filter>
    </ClInclude>
    <ClInclude Include="$(MSBuildThisFileDirectory)libavutil\attributes.h">
      <Filter>libavutil</Filter>
    </ClInclude>
    <ClInclude Include="$(MSBuildThisFileDirectory)libavutil\audio_fifo.h">
      <Filter>libavutil</Filter>
    </ClInclude>
    <ClInclude Include="$(MSBuildThisFileDirectory)libavutil\avassert.h">
      <Filter>libavutil</Filter>
    </ClInclude>
    <ClInclude Include="$(MSBuildThisFileDirectory)libavutil\avconfig.h">
      <Filter>libavutil</Filter>
    </ClInclude>
    <ClInclude Include="$(MSBuildThisFileDirectory)libavutil\avstring.h">
      <Filter>libavutil</Filter>
    </ClInclude>
    <ClInclude Include="$(MSBuildThisFileDirectory)libavutil\avutil.h">
      <Filter>libavutil</Filter>
    </ClInclude>
    <ClInclude Include="$(MSBuildThisFileDirectory)libavutil\base64.h">
      <Filter>libavutil</Filter>
    </ClInclude>
    <ClInclude Include="$(MSBuildThisFileDirectory)libavutil\blowfish.h">
      <Filter>libavutil</Filter>
    </ClInclude>
    <ClInclude Include="$(MSBuildThisFileDirectory)libavutil\bprint.h">
      <Filter>libavutil</Filter>
    </ClInclude>
    <ClInclude Include="$(MSBuildThisFileDirectory)libavutil\bswap.h">
      <Filter>libavutil</Filter>
    </ClInclude>
    <ClInclude Include="$(MSBuildThisFileDirectory)libavutil\buffer.h">
      <Filter>libavutil</Filter>
    </ClInclude>
    <ClInclude Include="$(MSBuildThisFileDirectory)libavutil\camellia.h">
      <Filter>libavutil</Filter>
    </ClInclude>
    <ClInclude Include="$(MSBuildThisFileDirectory)libavutil\cast5.h">
      <Filter>libavutil</Filter>
    </ClInclude>
    <ClInclude Include="$(MSBuildThisFileDirectory)libavutil\channel_layout.h">
      <Filter>libavutil</Filter>
    </ClInclude>
    <ClInclude Include="$(MSBuildThisFileDirectory)libavutil\common.h">
      <Filter>libavutil</Filter>
    </ClInclude>
    <ClInclude Include="$(MSBuildThisFileDirectory)libavutil\cpu.h">
      <Filter>libavutil</Filter>
    </ClInclude>
    <ClInclude Include="$(MSBuildThisFileDirectory)libavutil\crc.h">
      <Filter>libavutil</Filter>
    </ClInclude>
    <ClInclude Include="$(MSBuildThisFileDirectory)libavutil\des.h">
      <Filter>libavutil</Filter>
    </ClInclude>
    <ClInclude Include="$(MSBuildThisFileDirectory)libavutil\dict.h">
      <Filter>libavutil</Filter>
    </ClInclude>
    <ClInclude Include="$(MSBuildThisFileDirectory)libavutil\display.h">
      <Filter>libavutil</Filter>
    </ClInclude>
    <ClInclude Include="$(MSBuildThisFileDirectory)libavutil\downmix_info.h">
      <Filter>libavutil</Filter>
    </ClInclude>
    <ClInclude Include="$(MSBuildThisFileDirectory)libavutil\error.h">
      <Filter>libavutil</Filter>
    </ClInclude>
    <ClInclude Include="$(MSBuildThisFileDirectory)libavutil\eval.h">
      <Filter>libavutil</Filter>
    </ClInclude>
    <ClInclude Include="$(MSBuildThisFileDirectory)libavutil\ffversion.h">
      <Filter>libavutil</Filter>
    </ClInclude>
    <ClInclude Include="$(MSBuildThisFileDirectory)libavutil\fifo.h">
      <Filter>libavutil</Filter>
    </ClInclude>
    <ClInclude Include="$(MSBuildThisFileDirectory)libavutil\file.h">
      <Filter>libavutil</Filter>
    </ClInclude>
    <ClInclude Include="$(MSBuildThisFileDirectory)libavutil\frame.h">
      <Filter>libavutil</Filter>
    </ClInclude>
    <ClInclude Include="$(MSBuildThisFileDirectory)libavutil\hash.h">
      <Filter>libavutil</Filter>
    </ClInclude>
    <ClInclude Include="$(MSBuildThisFileDirectory)libavutil\hmac.h">
      <Filter>libavutil</Filter>
    </ClInclude>
    <ClInclude Include="$(MSBuildThisFileDirectory)libavutil\hwcontext.h">
      <Filter>libavutil</Filter>
    </ClInclude>
    <ClInclude Include="$(MSBuildThisFileDirectory)libavutil\hwcontext_cuda.h">
      <Filter>libavutil</Filter>
    </ClInclude>
    <ClInclude Include="$(MSBuildThisFileDirectory)libavutil\hwcontext_d3d11va.h">
      <Filter>libavutil</Filter>
    </ClInclude>
    <ClInclude Include="$(MSBuildThisFileDirectory)libavutil\hwcontext_drm.h">
      <Filter>libavutil</Filter>
    </ClInclude>
    <ClInclude Include="$(MSBuildThisFileDirectory)libavutil\hwcontext_dxva2.h">
      <Filter>libavutil</Filter>
    </ClInclude>
    <ClInclude Include="$(MSBuildThisFileDirectory)libavutil\hwcontext_qsv.h">
      <Filter>libavutil</Filter>
    </ClInclude>
    <ClInclude Include="$(MSBuildThisFileDirectory)libavutil\hwcontext_vaapi.h">
      <Filter>libavutil</Filter>
    </ClInclude>
    <ClInclude Include="$(MSBuildThisFileDirectory)libavutil\hwcontext_vdpau.h">
      <Filter>libavutil</Filter>
    </ClInclude>
    <ClInclude Include="$(MSBuildThisFileDirectory)libavutil\hwcontext_videotoolbox.h">
      <Filter>libavutil</Filter>
    </ClInclude>
    <ClInclude Include="$(MSBuildThisFileDirectory)libavutil\imgutils.h">
      <Filter>libavutil</Filter>
    </ClInclude>
    <ClInclude Include="$(MSBuildThisFileDirectory)libavutil\intfloat.h">
      <Filter>libavutil</Filter>
    </ClInclude>
    <ClInclude Include="$(MSBuildThisFileDirectory)libavutil\intreadwrite.h">
      <Filter>libavutil</Filter>
    </ClInclude>
    <ClInclude Include="$(MSBuildThisFileDirectory)libavutil\lfg.h">
      <Filter>libavutil</Filter>
    </ClInclude>
    <ClInclude Include="$(MSBuildThisFileDirectory)libavutil\log.h">
      <Filter>libavutil</Filter>
    </ClInclude>
    <ClInclude Include="$(MSBuildThisFileDirectory)libavutil\lzo.h">
      <Filter>libavutil</Filter>
    </ClInclude>
    <ClInclude Include="$(MSBuildThisFileDirectory)libavutil\macros.h">
      <Filter>libavutil</Filter>
    </ClInclude>
    <ClInclude Include="$(MSBuildThisFileDirectory)libavutil\mastering_display_metadata.h">
      <Filter>libavutil</Filter>
    </ClInclude>
    <ClInclude Include="$(MSBuildThisFileDirectory)libavutil\mathematics.h">
      <Filter>libavutil</Filter>
    </ClInclude>
    <ClInclude Include="$(MSBuildThisFileDirectory)libavutil\md5.h">
      <Filter>libavutil</Filter>
    </ClInclude>
    <ClInclude Include="$(MSBuildThisFileDirectory)libavutil\mem.h">
      <Filter>libavutil</Filter>
    </ClInclude>
    <ClInclude Include="$(MSBuildThisFileDirectory)libavutil\motion_vector.h">
      <Filter>libavutil</Filter>
    </ClInclude>
    <ClInclude Include="$(MSBuildThisFileDirectory)libavutil\murmur3.h">
      <Filter>libavutil</Filter>
    </ClInclude>
    <ClInclude Include="$(MSBuildThisFileDirectory)libavutil\opt.h">
      <Filter>libavutil</Filter>
    </ClInclude>
    <ClInclude Include="$(MSBuildThisFileDirectory)libavutil\parseutils.h">
      <Filter>libavutil</Filter>
    </ClInclude>
    <ClInclude Include="$(MSBuildThisFileDirectory)libavutil\pixdesc.h">
      <Filter>libavutil</Filter>
    </ClInclude>
    <ClInclude Include="$(MSBuildThisFileDirectory)libavutil\pixelutils.h">
      <Filter>libavutil</Filter>
    </ClInclude>
    <ClInclude Include="$(MSBuildThisFileDirectory)libavutil\pixfmt.h">
      <Filter>libavutil</Filter>
    </ClInclude>
    <ClInclude Include="$(MSBuildThisFileDirectory)libavutil\random_seed.h">
      <Filter>libavutil</Filter>
    </ClInclude>
    <ClInclude Include="$(MSBuildThisFileDirectory)libavutil\rational.h">
      <Filter>libavutil</Filter>
    </ClInclude>
    <ClInclude Include="$(MSBuildThisFileDirectory)libavutil\rc4.h">
      <Filter>libavutil</Filter>
    </ClInclude>
    <ClInclude Include="$(MSBuildThisFileDirectory)libavutil\replaygain.h">
      <Filter>libavutil</Filter>
    </ClInclude>
    <ClInclude Include="$(MSBuildThisFileDirectory)libavutil\ripemd.h">
      <Filter>libavutil</Filter>
    </ClInclude>
    <ClInclude Include="$(MSBuildThisFileDirectory)libavutil\samplefmt.h">
      <Filter>libavutil</Filter>
    </ClInclude>
    <ClInclude Include="$(MSBuildThisFileDirectory)libavutil\sha.h">
      <Filter>libavutil</Filter>
    </ClInclude>
    <ClInclude Include="$(MSBuildThisFileDirectory)libavutil\sha512.h">
      <Filter>libavutil</Filter>
    </ClInclude>
    <ClInclude Include="$(MSBuildThisFileDirectory)libavutil\spherical.h">
      <Filter>libavutil</Filter>
    </ClInclude>
    <ClInclude Include="$(MSBuildThisFileDirectory)libavutil\stereo3d.h">
      <Filter>libavutil</Filter>
    </ClInclude>
    <ClInclude Include="$(MSBuildThisFileDirectory)libavutil\tea.h">
      <Filter>libavutil</Filter>
    </ClInclude>
    <ClInclude Include="$(MSBuildThisFileDirectory)libavutil\threadmessage.h">
      <Filter>libavutil</Filter>
    </ClInclude>
    <ClInclude Include="$(MSBuildThisFileDirectory)libavutil\time.h">
      <Filter>libavutil</Filter>
    </ClInclude>
    <ClInclude Include="$(MSBuildThisFileDirectory)libavutil\timecode.h">
      <Filter>libavutil</Filter>
    </ClInclude>
    <ClInclude Include="$(MSBuildThisFileDirectory)libavutil\timestamp.h">
      <Filter>libavutil</Filter>
    </ClInclude>
    <ClInclude Include="$(MSBuildThisFileDirectory)libavutil\tree.h">
      <Filter>libavutil</Filter>
    </ClInclude>
    <ClInclude Include="$(MSBuildThisFileDirectory)libavutil\twofish.h">
      <Filter>libavutil</Filter>
    </ClInclude>
    <ClInclude Include="$(MSBuildThisFileDirectory)libavutil\version.h">
      <Filter>libavutil</Filter>
    </ClInclude>
    <ClInclude Include="$(MSBuildThisFileDirectory)libavutil\xtea.h">
      <Filter>libavutil</Filter>
    </ClInclude>
    <ClInclude Include="$(MSBuildThisFileDirectory)libswresample\swresample.h">
      <Filter>libswresample</Filter>
    </ClInclude>
    <ClInclude Include="$(MSBuildThisFileDirectory)libswresample\version.h">
      <Filter>libswresample</Filter>
    </ClInclude>
    <ClInclude Include="$(MSBuildThisFileDirectory)libswscale\swscale.h">
      <Filter>libswscale</Filter>
    </ClInclude>
    <ClInclude Include="$(MSBuildThisFileDirectory)libswscale\version.h">
      <Filter>libswscale</Filter>
    </ClInclude>
  </ItemGroup>
  <ItemGroup>
    <None Include="$(MSBuildThisFileDirectory)$(Platform)\FFmpegUniversal.dll" />
    <None Include="$(MSBuildThisFileDirectory)$(Platform)\FFmpegUniversal.exp" />
    <None Include="$(MSBuildThisFileDirectory)$(Platform)\FFmpegUniversal.pdb" />
    <None Include="$(MSBuildThisFileDirectory)$(Platform)\FFmpegUniversal.pri" />
  </ItemGroup>
  <ItemGroup>
    <Library Include="$(MSBuildThisFileDirectory)$(Platform)\FFmpegUniversal.lib" />
  </ItemGroup>
</Project>