<?xml version="1.0" encoding="utf-8"?>
<Project ToolsVersion="15.0" xmlns="http://schemas.microsoft.com/developer/msbuild/2003">
  <ItemGroup>
    <Filter Include="FFmpeg">
      <UniqueIdentifier>{7df095bf-3b29-422c-846a-99afb7c6f6ba}</UniqueIdentifier>
    </Filter>
  </ItemGroup>
  <ItemGroup>
    <ClInclude Include="Version.h" />
  </ItemGroup>
  <ItemGroup>
    <Library Include="FFmpeg\Lib\$(Platform)\libavcodec.a">
      <Filter>FFmpeg</Filter>
    </Library>
    <Library Include="FFmpeg\Lib\$(Platform)\libavdevice.a">
      <Filter>FFmpeg</Filter>
    </Library>
    <Library Include="FFmpeg\Lib\$(Platform)\libavfilter.a">
      <Filter>FFmpeg</Filter>
    </Library>
    <Library Include="FFmpeg\Lib\$(Platform)\libavformat.a">
      <Filter>FFmpeg</Filter>
    </Library>
    <Library Include="FFmpeg\Lib\$(Platform)\libavutil.a">
      <Filter>FFmpeg</Filter>
    </Library>
    <Library Include="FFmpeg\Lib\$(Platform)\libswresample.a">
      <Filter>FFmpeg</Filter>
    </Library>
    <Library Include="FFmpeg\Lib\$(Platform)\libswscale.a">
      <Filter>FFmpeg</Filter>
    </Library>
  </ItemGroup>
  <ItemGroup>
    <ResourceCompile Include="FFmpegUniversal.rc" />
  </ItemGroup>
  <ItemGroup>
    <None Include="FFmpeg\Lib\$(Platform)\FFmpegUniversal.def" />
  </ItemGroup>
</Project>